// !$*UTF8*$!
{
	archiveVersion = 1;
	classes = {
	};
	objectVersion = 56;
	objects = {

/* Begin PBXBuildFile section */
		054B2DC929AC06B9004C62A8 /* ExperienceModel.swift in Sources */ = {isa = PBXBuildFile; fileRef = 054B2DC829AC06B9004C62A8 /* ExperienceModel.swift */; };
		054B2DCD29AC25EB004C62A8 /* ExperienceView.swift in Sources */ = {isa = PBXBuildFile; fileRef = 054B2DCC29AC25EB004C62A8 /* ExperienceView.swift */; };
		05509E79296472600030870E /* AppDelegate.swift in Sources */ = {isa = PBXBuildFile; fileRef = 05509E78296472600030870E /* AppDelegate.swift */; };
		05509E7B296472600030870E /* ContentView.swift in Sources */ = {isa = PBXBuildFile; fileRef = 05509E7A296472600030870E /* ContentView.swift */; };
		05509E7F296472610030870E /* Assets.xcassets in Resources */ = {isa = PBXBuildFile; fileRef = 05509E7E296472610030870E /* Assets.xcassets */; };
		05509E82296472610030870E /* Preview Assets.xcassets in Resources */ = {isa = PBXBuildFile; fileRef = 05509E81296472610030870E /* Preview Assets.xcassets */; };
		05543C9E2986F7DC003BA137 /* ExperienceDetailView.swift in Sources */ = {isa = PBXBuildFile; fileRef = 05543C9D2986F7DC003BA137 /* ExperienceDetailView.swift */; };
		05543CA02986FC98003BA137 /* IntensityView.swift in Sources */ = {isa = PBXBuildFile; fileRef = 05543C9F2986FC98003BA137 /* IntensityView.swift */; };
		055A4B1F2974E69000BC3366 /* AppButton.swift in Sources */ = {isa = PBXBuildFile; fileRef = 055A4B1E2974E69000BC3366 /* AppButton.swift */; };
		055AC2BF297830BC00B03DA7 /* ContentHeaderView.swift in Sources */ = {isa = PBXBuildFile; fileRef = 055AC2BE297830BC00B03DA7 /* ContentHeaderView.swift */; };
		055AC2C12978313B00B03DA7 /* ExperienceListView.swift in Sources */ = {isa = PBXBuildFile; fileRef = 055AC2C02978313B00B03DA7 /* ExperienceListView.swift */; };
		055AC2C52978364B00B03DA7 /* ListItemView.swift in Sources */ = {isa = PBXBuildFile; fileRef = 055AC2C42978364B00B03DA7 /* ListItemView.swift */; };
		05649C9C29A2D64700051348 /* Experiences.rcproject in Sources */ = {isa = PBXBuildFile; fileRef = 05649C9B29A2D64700051348 /* Experiences.rcproject */; };
		05A4F1F02986015800DC02A7 /* ListModel.swift in Sources */ = {isa = PBXBuildFile; fileRef = 05A4F1EF2986015800DC02A7 /* ListModel.swift */; };
		05AA19142965BD2300A33839 /* Plane.usdz in Resources */ = {isa = PBXBuildFile; fileRef = 05AA19132965BD2300A33839 /* Plane.usdz */; };
		05AA19162965C1D800A33839 /* Coordinator.swift in Sources */ = {isa = PBXBuildFile; fileRef = 05AA19152965C1D800A33839 /* Coordinator.swift */; };
/* End PBXBuildFile section */

/* Begin PBXFileReference section */
		054B2DC829AC06B9004C62A8 /* ExperienceModel.swift */ = {isa = PBXFileReference; lastKnownFileType = sourcecode.swift; path = ExperienceModel.swift; sourceTree = "<group>"; };
		054B2DCC29AC25EB004C62A8 /* ExperienceView.swift */ = {isa = PBXFileReference; lastKnownFileType = sourcecode.swift; path = ExperienceView.swift; sourceTree = "<group>"; };
		05509E75296472600030870E /* Ares.app */ = {isa = PBXFileReference; explicitFileType = wrapper.application; includeInIndex = 0; path = Ares.app; sourceTree = BUILT_PRODUCTS_DIR; };
		05509E78296472600030870E /* AppDelegate.swift */ = {isa = PBXFileReference; lastKnownFileType = sourcecode.swift; path = AppDelegate.swift; sourceTree = "<group>"; };
		05509E7A296472600030870E /* ContentView.swift */ = {isa = PBXFileReference; lastKnownFileType = sourcecode.swift; path = ContentView.swift; sourceTree = "<group>"; };
		05509E7E296472610030870E /* Assets.xcassets */ = {isa = PBXFileReference; lastKnownFileType = folder.assetcatalog; path = Assets.xcassets; sourceTree = "<group>"; };
		05509E81296472610030870E /* Preview Assets.xcassets */ = {isa = PBXFileReference; lastKnownFileType = folder.assetcatalog; path = "Preview Assets.xcassets"; sourceTree = "<group>"; };
		05543C9D2986F7DC003BA137 /* ExperienceDetailView.swift */ = {isa = PBXFileReference; lastKnownFileType = sourcecode.swift; path = ExperienceDetailView.swift; sourceTree = "<group>"; };
		05543C9F2986FC98003BA137 /* IntensityView.swift */ = {isa = PBXFileReference; lastKnownFileType = sourcecode.swift; path = IntensityView.swift; sourceTree = "<group>"; };
		055A4B1E2974E69000BC3366 /* AppButton.swift */ = {isa = PBXFileReference; lastKnownFileType = sourcecode.swift; path = AppButton.swift; sourceTree = "<group>"; };
		055AC2BE297830BC00B03DA7 /* ContentHeaderView.swift */ = {isa = PBXFileReference; lastKnownFileType = sourcecode.swift; path = ContentHeaderView.swift; sourceTree = "<group>"; };
		055AC2C02978313B00B03DA7 /* ExperienceListView.swift */ = {isa = PBXFileReference; lastKnownFileType = sourcecode.swift; path = ExperienceListView.swift; sourceTree = "<group>"; };
		055AC2C42978364B00B03DA7 /* ListItemView.swift */ = {isa = PBXFileReference; lastKnownFileType = sourcecode.swift; path = ListItemView.swift; sourceTree = "<group>"; };
		05649C9B29A2D64700051348 /* Experiences.rcproject */ = {isa = PBXFileReference; lastKnownFileType = file.rcproject; path = Experiences.rcproject; sourceTree = "<group>"; };
		05A4F1EF2986015800DC02A7 /* ListModel.swift */ = {isa = PBXFileReference; lastKnownFileType = sourcecode.swift; path = ListModel.swift; sourceTree = "<group>"; };
		05AA19132965BD2300A33839 /* Plane.usdz */ = {isa = PBXFileReference; lastKnownFileType = file.usdz; path = Plane.usdz; sourceTree = "<group>"; };
		05AA19152965C1D800A33839 /* Coordinator.swift */ = {isa = PBXFileReference; lastKnownFileType = sourcecode.swift; path = Coordinator.swift; sourceTree = "<group>"; };
/* End PBXFileReference section */

/* Begin PBXFrameworksBuildPhase section */
		05509E72296472600030870E /* Frameworks */ = {
			isa = PBXFrameworksBuildPhase;
			buildActionMask = 2147483647;
			files = (
			);
			runOnlyForDeploymentPostprocessing = 0;
		};
/* End PBXFrameworksBuildPhase section */

/* Begin PBXGroup section */
		05509E6C296472600030870E = {
			isa = PBXGroup;
			children = (
				05509E77296472600030870E /* Ares */,
				05509E76296472600030870E /* Products */,
			);
			sourceTree = "<group>";
		};
		05509E76296472600030870E /* Products */ = {
			isa = PBXGroup;
			children = (
				05509E75296472600030870E /* Ares.app */,
			);
			name = Products;
			sourceTree = "<group>";
		};
		05509E77296472600030870E /* Ares */ = {
			isa = PBXGroup;
			children = (
				05649C7E29A2D59700051348 /* Experiences */,
				05509E78296472600030870E /* AppDelegate.swift */,
				05543C9A2986F48C003BA137 /* Models */,
				05543C992986F3DE003BA137 /* Views */,
				05AA19132965BD2300A33839 /* Plane.usdz */,
				05509E7E296472610030870E /* Assets.xcassets */,
				05509E80296472610030870E /* Preview Content */,
			);
			path = Ares;
			sourceTree = "<group>";
		};
		05509E80296472610030870E /* Preview Content */ = {
			isa = PBXGroup;
			children = (
				05509E81296472610030870E /* Preview Assets.xcassets */,
			);
			path = "Preview Content";
			sourceTree = "<group>";
		};
		05543C992986F3DE003BA137 /* Views */ = {
			isa = PBXGroup;
			children = (
				054B2DCC29AC25EB004C62A8 /* ExperienceView.swift */,
				057191D129B29B6A00AE463E /* MainView */,
				057191D229B29CCE00AE463E /* DetailedView */,
			);
			path = Views;
			sourceTree = "<group>";
		};
		05543C9A2986F48C003BA137 /* Models */ = {
			isa = PBXGroup;
			children = (
				054B2DC829AC06B9004C62A8 /* ExperienceModel.swift */,
				05A4F1EF2986015800DC02A7 /* ListModel.swift */,
				05AA19152965C1D800A33839 /* Coordinator.swift */,
			);
			path = Models;
			sourceTree = "<group>";
		};
		05649C7E29A2D59700051348 /* Experiences */ = {
			isa = PBXGroup;
			children = (
				05649C9B29A2D64700051348 /* Experiences.rcproject */,
			);
			path = Experiences;
			sourceTree = "<group>";
		};
		057191D129B29B6A00AE463E /* MainView */ = {
			isa = PBXGroup;
			children = (
				05509E7A296472600030870E /* ContentView.swift */,
				055AC2BE297830BC00B03DA7 /* ContentHeaderView.swift */,
				055AC2C02978313B00B03DA7 /* ExperienceListView.swift */,
				055AC2C42978364B00B03DA7 /* ListItemView.swift */,
			);
			name = MainView;
			sourceTree = "<group>";
		};
		057191D229B29CCE00AE463E /* DetailedView */ = {
			isa = PBXGroup;
			children = (
				05543C9D2986F7DC003BA137 /* ExperienceDetailView.swift */,
				05543C9F2986FC98003BA137 /* IntensityView.swift */,
				055A4B1E2974E69000BC3366 /* AppButton.swift */,
			);
			path = DetailedView;
			sourceTree = "<group>";
		};
/* End PBXGroup section */

/* Begin PBXNativeTarget section */
		05509E74296472600030870E /* Ares */ = {
			isa = PBXNativeTarget;
			buildConfigurationList = 05509E85296472610030870E /* Build configuration list for PBXNativeTarget "Ares" */;
			buildPhases = (
				05509E71296472600030870E /* Sources */,
				05509E72296472600030870E /* Frameworks */,
				05509E73296472600030870E /* Resources */,
			);
			buildRules = (
			);
			dependencies = (
			);
			name = Ares;
			productName = Ares;
			productReference = 05509E75296472600030870E /* Ares.app */;
			productType = "com.apple.product-type.application";
		};
/* End PBXNativeTarget section */

/* Begin PBXProject section */
		05509E6D296472600030870E /* Project object */ = {
			isa = PBXProject;
			attributes = {
				BuildIndependentTargetsInParallel = 1;
				LastSwiftUpdateCheck = 1420;
				LastUpgradeCheck = 1420;
				TargetAttributes = {
					05509E74296472600030870E = {
						CreatedOnToolsVersion = 14.2;
					};
				};
			};
			buildConfigurationList = 05509E70296472600030870E /* Build configuration list for PBXProject "Ares" */;
			compatibilityVersion = "Xcode 14.0";
			developmentRegion = en;
			hasScannedForEncodings = 0;
			knownRegions = (
				en,
				Base,
			);
			mainGroup = 05509E6C296472600030870E;
			productRefGroup = 05509E76296472600030870E /* Products */;
			projectDirPath = "";
			projectRoot = "";
			targets = (
				05509E74296472600030870E /* Ares */,
			);
		};
/* End PBXProject section */

/* Begin PBXResourcesBuildPhase section */
		05509E73296472600030870E /* Resources */ = {
			isa = PBXResourcesBuildPhase;
			buildActionMask = 2147483647;
			files = (
				05509E82296472610030870E /* Preview Assets.xcassets in Resources */,
				05AA19142965BD2300A33839 /* Plane.usdz in Resources */,
				05509E7F296472610030870E /* Assets.xcassets in Resources */,
			);
			runOnlyForDeploymentPostprocessing = 0;
		};
/* End PBXResourcesBuildPhase section */

/* Begin PBXSourcesBuildPhase section */
		05509E71296472600030870E /* Sources */ = {
			isa = PBXSourcesBuildPhase;
			buildActionMask = 2147483647;
			files = (
				05509E7B296472600030870E /* ContentView.swift in Sources */,
				055AC2C12978313B00B03DA7 /* ExperienceListView.swift in Sources */,
				054B2DCD29AC25EB004C62A8 /* ExperienceView.swift in Sources */,
				05509E79296472600030870E /* AppDelegate.swift in Sources */,
				055AC2C52978364B00B03DA7 /* ListItemView.swift in Sources */,
				055AC2BF297830BC00B03DA7 /* ContentHeaderView.swift in Sources */,
				05649C9C29A2D64700051348 /* Experiences.rcproject in Sources */,
				055A4B1F2974E69000BC3366 /* AppButton.swift in Sources */,
				05AA19162965C1D800A33839 /* Coordinator.swift in Sources */,
				05543CA02986FC98003BA137 /* IntensityView.swift in Sources */,
				05543C9E2986F7DC003BA137 /* ExperienceDetailView.swift in Sources */,
				05A4F1F02986015800DC02A7 /* ListModel.swift in Sources */,
				054B2DC929AC06B9004C62A8 /* ExperienceModel.swift in Sources */,
			);
			runOnlyForDeploymentPostprocessing = 0;
		};
/* End PBXSourcesBuildPhase section */

/* Begin XCBuildConfiguration section */
		05509E83296472610030870E /* Debug */ = {
			isa = XCBuildConfiguration;
			buildSettings = {
				ALWAYS_SEARCH_USER_PATHS = NO;
				CLANG_ANALYZER_NONNULL = YES;
				CLANG_ANALYZER_NUMBER_OBJECT_CONVERSION = YES_AGGRESSIVE;
				CLANG_CXX_LANGUAGE_STANDARD = "gnu++20";
				CLANG_ENABLE_MODULES = YES;
				CLANG_ENABLE_OBJC_ARC = YES;
				CLANG_ENABLE_OBJC_WEAK = YES;
				CLANG_WARN_BLOCK_CAPTURE_AUTORELEASING = YES;
				CLANG_WARN_BOOL_CONVERSION = YES;
				CLANG_WARN_COMMA = YES;
				CLANG_WARN_CONSTANT_CONVERSION = YES;
				CLANG_WARN_DEPRECATED_OBJC_IMPLEMENTATIONS = YES;
				CLANG_WARN_DIRECT_OBJC_ISA_USAGE = YES_ERROR;
				CLANG_WARN_DOCUMENTATION_COMMENTS = YES;
				CLANG_WARN_EMPTY_BODY = YES;
				CLANG_WARN_ENUM_CONVERSION = YES;
				CLANG_WARN_INFINITE_RECURSION = YES;
				CLANG_WARN_INT_CONVERSION = YES;
				CLANG_WARN_NON_LITERAL_NULL_CONVERSION = YES;
				CLANG_WARN_OBJC_IMPLICIT_RETAIN_SELF = YES;
				CLANG_WARN_OBJC_LITERAL_CONVERSION = YES;
				CLANG_WARN_OBJC_ROOT_CLASS = YES_ERROR;
				CLANG_WARN_QUOTED_INCLUDE_IN_FRAMEWORK_HEADER = YES;
				CLANG_WARN_RANGE_LOOP_ANALYSIS = YES;
				CLANG_WARN_STRICT_PROTOTYPES = YES;
				CLANG_WARN_SUSPICIOUS_MOVE = YES;
				CLANG_WARN_UNGUARDED_AVAILABILITY = YES_AGGRESSIVE;
				CLANG_WARN_UNREACHABLE_CODE = YES;
				CLANG_WARN__DUPLICATE_METHOD_MATCH = YES;
				COPY_PHASE_STRIP = NO;
				DEBUG_INFORMATION_FORMAT = dwarf;
				ENABLE_STRICT_OBJC_MSGSEND = YES;
				ENABLE_TESTABILITY = YES;
				GCC_C_LANGUAGE_STANDARD = gnu11;
				GCC_DYNAMIC_NO_PIC = NO;
				GCC_NO_COMMON_BLOCKS = YES;
				GCC_OPTIMIZATION_LEVEL = 0;
				GCC_PREPROCESSOR_DEFINITIONS = (
					"DEBUG=1",
					"$(inherited)",
				);
				GCC_WARN_64_TO_32_BIT_CONVERSION = YES;
				GCC_WARN_ABOUT_RETURN_TYPE = YES_ERROR;
				GCC_WARN_UNDECLARED_SELECTOR = YES;
				GCC_WARN_UNINITIALIZED_AUTOS = YES_AGGRESSIVE;
				GCC_WARN_UNUSED_FUNCTION = YES;
				GCC_WARN_UNUSED_VARIABLE = YES;
				IPHONEOS_DEPLOYMENT_TARGET = 16.2;
				MTL_ENABLE_DEBUG_INFO = INCLUDE_SOURCE;
				MTL_FAST_MATH = YES;
				ONLY_ACTIVE_ARCH = YES;
				SDKROOT = iphoneos;
				SWIFT_ACTIVE_COMPILATION_CONDITIONS = DEBUG;
				SWIFT_OPTIMIZATION_LEVEL = "-Onone";
			};
			name = Debug;
		};
		05509E84296472610030870E /* Release */ = {
			isa = XCBuildConfiguration;
			buildSettings = {
				ALWAYS_SEARCH_USER_PATHS = NO;
				CLANG_ANALYZER_NONNULL = YES;
				CLANG_ANALYZER_NUMBER_OBJECT_CONVERSION = YES_AGGRESSIVE;
				CLANG_CXX_LANGUAGE_STANDARD = "gnu++20";
				CLANG_ENABLE_MODULES = YES;
				CLANG_ENABLE_OBJC_ARC = YES;
				CLANG_ENABLE_OBJC_WEAK = YES;
				CLANG_WARN_BLOCK_CAPTURE_AUTORELEASING = YES;
				CLANG_WARN_BOOL_CONVERSION = YES;
				CLANG_WARN_COMMA = YES;
				CLANG_WARN_CONSTANT_CONVERSION = YES;
				CLANG_WARN_DEPRECATED_OBJC_IMPLEMENTATIONS = YES;
				CLANG_WARN_DIRECT_OBJC_ISA_USAGE = YES_ERROR;
				CLANG_WARN_DOCUMENTATION_COMMENTS = YES;
				CLANG_WARN_EMPTY_BODY = YES;
				CLANG_WARN_ENUM_CONVERSION = YES;
				CLANG_WARN_INFINITE_RECURSION = YES;
				CLANG_WARN_INT_CONVERSION = YES;
				CLANG_WARN_NON_LITERAL_NULL_CONVERSION = YES;
				CLANG_WARN_OBJC_IMPLICIT_RETAIN_SELF = YES;
				CLANG_WARN_OBJC_LITERAL_CONVERSION = YES;
				CLANG_WARN_OBJC_ROOT_CLASS = YES_ERROR;
				CLANG_WARN_QUOTED_INCLUDE_IN_FRAMEWORK_HEADER = YES;
				CLANG_WARN_RANGE_LOOP_ANALYSIS = YES;
				CLANG_WARN_STRICT_PROTOTYPES = YES;
				CLANG_WARN_SUSPICIOUS_MOVE = YES;
				CLANG_WARN_UNGUARDED_AVAILABILITY = YES_AGGRESSIVE;
				CLANG_WARN_UNREACHABLE_CODE = YES;
				CLANG_WARN__DUPLICATE_METHOD_MATCH = YES;
				COPY_PHASE_STRIP = NO;
				DEBUG_INFORMATION_FORMAT = "dwarf-with-dsym";
				ENABLE_NS_ASSERTIONS = NO;
				ENABLE_STRICT_OBJC_MSGSEND = YES;
				GCC_C_LANGUAGE_STANDARD = gnu11;
				GCC_NO_COMMON_BLOCKS = YES;
				GCC_WARN_64_TO_32_BIT_CONVERSION = YES;
				GCC_WARN_ABOUT_RETURN_TYPE = YES_ERROR;
				GCC_WARN_UNDECLARED_SELECTOR = YES;
				GCC_WARN_UNINITIALIZED_AUTOS = YES_AGGRESSIVE;
				GCC_WARN_UNUSED_FUNCTION = YES;
				GCC_WARN_UNUSED_VARIABLE = YES;
				IPHONEOS_DEPLOYMENT_TARGET = 16.2;
				MTL_ENABLE_DEBUG_INFO = NO;
				MTL_FAST_MATH = YES;
				SDKROOT = iphoneos;
				SWIFT_COMPILATION_MODE = wholemodule;
				SWIFT_OPTIMIZATION_LEVEL = "-O";
				VALIDATE_PRODUCT = YES;
			};
			name = Release;
		};
		05509E86296472610030870E /* Debug */ = {
			isa = XCBuildConfiguration;
			buildSettings = {
				ASSETCATALOG_COMPILER_APPICON_NAME = AppIcon;
				ASSETCATALOG_COMPILER_GLOBAL_ACCENT_COLOR_NAME = AccentColor;
				CODE_SIGN_STYLE = Automatic;
				CURRENT_PROJECT_VERSION = 1;
				DEVELOPMENT_ASSET_PATHS = "\"Ares/Preview Content\"";
				DEVELOPMENT_TEAM = 4ZC85J53SW;
				ENABLE_PREVIEWS = YES;
				GENERATE_INFOPLIST_FILE = YES;
				INFOPLIST_KEY_NSCameraUsageDescription = "";
				INFOPLIST_KEY_UIApplicationSupportsIndirectInputEvents = YES;
				INFOPLIST_KEY_UILaunchScreen_Generation = YES;
				INFOPLIST_KEY_UIRequiredDeviceCapabilities = arkit;
				INFOPLIST_KEY_UIStatusBarHidden = YES;
				INFOPLIST_KEY_UISupportedInterfaceOrientations_iPad = "UIInterfaceOrientationPortrait UIInterfaceOrientationPortraitUpsideDown UIInterfaceOrientationLandscapeLeft UIInterfaceOrientationLandscapeRight";
				INFOPLIST_KEY_UISupportedInterfaceOrientations_iPhone = "UIInterfaceOrientationPortrait UIInterfaceOrientationLandscapeLeft UIInterfaceOrientationLandscapeRight";
				LD_RUNPATH_SEARCH_PATHS = (
					"$(inherited)",
					"@executable_path/Frameworks",
				);
				MARKETING_VERSION = 1.0;
				PRODUCT_BUNDLE_IDENTIFIER = com.fadyeid.Ares;
				PRODUCT_NAME = "$(TARGET_NAME)";
				SWIFT_EMIT_LOC_STRINGS = YES;
				SWIFT_VERSION = 5.0;
				TARGETED_DEVICE_FAMILY = "1,2";
			};
			name = Debug;
		};
		05509E87296472610030870E /* Release */ = {
			isa = XCBuildConfiguration;
			buildSettings = {
				ASSETCATALOG_COMPILER_APPICON_NAME = AppIcon;
				ASSETCATALOG_COMPILER_GLOBAL_ACCENT_COLOR_NAME = AccentColor;
				CODE_SIGN_STYLE = Automatic;
				CURRENT_PROJECT_VERSION = 1;
				DEVELOPMENT_ASSET_PATHS = "\"Ares/Preview Content\"";
				DEVELOPMENT_TEAM = 4ZC85J53SW;
				ENABLE_PREVIEWS = YES;
				GENERATE_INFOPLIST_FILE = YES;
				INFOPLIST_KEY_NSCameraUsageDescription = "";
				INFOPLIST_KEY_UIApplicationSupportsIndirectInputEvents = YES;
				INFOPLIST_KEY_UILaunchScreen_Generation = YES;
				INFOPLIST_KEY_UIRequiredDeviceCapabilities = arkit;
				INFOPLIST_KEY_UIStatusBarHidden = YES;
				INFOPLIST_KEY_UISupportedInterfaceOrientations_iPad = "UIInterfaceOrientationPortrait UIInterfaceOrientationPortraitUpsideDown UIInterfaceOrientationLandscapeLeft UIInterfaceOrientationLandscapeRight";
				INFOPLIST_KEY_UISupportedInterfaceOrientations_iPhone = "UIInterfaceOrientationPortrait UIInterfaceOrientationLandscapeLeft UIInterfaceOrientationLandscapeRight";
				LD_RUNPATH_SEARCH_PATHS = (
					"$(inherited)",
					"@executable_path/Frameworks",
				);
				MARKETING_VERSION = 1.0;
				PRODUCT_BUNDLE_IDENTIFIER = com.fadyeid.Ares;
				PRODUCT_NAME = "$(TARGET_NAME)";
				SWIFT_EMIT_LOC_STRINGS = YES;
				SWIFT_VERSION = 5.0;
				TARGETED_DEVICE_FAMILY = "1,2";
			};
			name = Release;
		};
/* End XCBuildConfiguration section */

/* Begin XCConfigurationList section */
		05509E70296472600030870E /* Build configuration list for PBXProject "Ares" */ = {
			isa = XCConfigurationList;
			buildConfigurations = (
				05509E83296472610030870E /* Debug */,
				05509E84296472610030870E /* Release */,
			);
			defaultConfigurationIsVisible = 0;
			defaultConfigurationName = Release;
		};
		05509E85296472610030870E /* Build configuration list for PBXNativeTarget "Ares" */ = {
			isa = XCConfigurationList;
			buildConfigurations = (
				05509E86296472610030870E /* Debug */,
				05509E87296472610030870E /* Release */,
			);
			defaultConfigurationIsVisible = 0;
			defaultConfigurationName = Release;
		};
/* End XCConfigurationList section */
	};
	rootObject = 05509E6D296472600030870E /* Project object */;
}
